
Microsoft Visual Studio Solution File, Format Version 12.00
# Visual Studio Version 16
VisualStudioVersion = 16.0.30204.135
MinimumVisualStudioVersion = 10.0.40219.1
Project("{FAE04EC0-301F-11D3-BF4B-00C04F79EFBC}") = "TCP IP Sockets", "TCP IP Sockets\TCP IP Sockets.csproj", "{BDC5AC59-553E-45DC-A869-70CE1325904F}"
EndProject
Global
	GlobalSection(SolutionConfigurationPlatforms) = preSolution
		Debug|Any CPU = Debug|Any CPU
		Release|Any CPU = Release|Any CPU
	EndGlobalSection
	GlobalSection(ProjectConfigurationPlatforms) = postSolution
		{BDC5AC59-553E-45DC-A869-70CE1325904F}.Debug|Any CPU.ActiveCfg = Debug|Any CPU
		{BDC5AC59-553E-45DC-A869-70CE1325904F}.Debug|Any CPU.Build.0 = Debug|Any CPU
		{BDC5AC59-553E-45DC-A869-70CE1325904F}.Release|Any CPU.ActiveCfg = Release|Any CPU
		{BDC5AC59-553E-45DC-A869-70CE1325904F}.Release|Any CPU.Build.0 = Release|Any CPU
	EndGlobalSection
	GlobalSection(SolutionProperties) = preSolution
		HideSolutionNode = FALSE
	EndGlobalSection
	GlobalSection(ExtensibilityGlobals) = postSolution
		SolutionGuid = {7E089ECD-9B30-4AFF-B881-AFAFA28B9652}
	EndGlobalSection
EndGlobal
